cloud.google.com/go v0.26.0/go.mod h1:aQUYkXzVsufM+DwF1aE+0xfcU+56JwCaLick0ClmMTw=
github.com/Azure/go-ntlmssp v0.1.0 h1:DjFo6YtWzNqNvQdrwEyr/e4nhU3vRiwenz5QX7sFz+A=
github.com/Azure/go-ntlmssp v0.1.0/go.mod h1:NYqdhxd/8aAct/s4qSYZEerdPuH1liG2/X9DiVTbhpk=
github.com/Baozisoftware/qrcode-terminal-go v0.0.0-20170407111555-c0650d8dff0f h1:2dk3eOnYllh+wUOuDhOoC2vUVoJF/5z478ryJ+wzEII=
github.com/Baozisoftware/qrcode-terminal-go v0.0.0-20170407111555-c0650d8dff0f/go.mod h1:4a58ifQTEe2uwwsaqbh3i2un5/CBPg+At/qHpt18Tmk=
github.com/BurntSushi/toml v0.3.1/go.mod h1:xHWCNGjB5oqiDr8zfno3MHue2Ht5sIBksp03qcyfWMU=
github.com/CuteReimu/bilibili/v2 v2.5.1 h1:0kYaJ/XnPTurFpQYIAZAzuR/KTpqJYZlnO1ZCwoYowI=
github.com/CuteReimu/bilibili/v2 v2.5.1/go.mod h1:dPP7dm6K5WcT//UsKUrFWZO1Pw5kn2H+qYk0vEfj5BE=
github.com/KyleBanks/depth v1.2.1 h1:5h8fQADFrWtarTdtDudMmGsC7GPbOAu6RVB3ffsVFHc=
github.com/KyleBanks/depth v1.2.1/go.mod h1:jzSb9d0L43HxTQfT+oSA1EEp2q+ne2uh6XgeJcm8brE=
github.com/MicahParks/keyfunc/v2 v2.1.0 h1:6ZXKb9Rp6qp1bDbJefnG7cTH8yMN1IC/4nf+GVjO99k=
github.com/MicahParks/keyfunc/v2 v2.1.0/go.mod h1:rW42fi+xgLJ2FRRXAfNx9ZA8WpD4OeE/yHVMteCkw9k=
github.com/SherClockHolmes/webpush-go v1.4.0 h1:ocnzNKWN23T9nvHi6IfyrQjkIc0oJWv1B1pULsf9i3s=
github.com/SherClockHolmes/webpush-go v1.4.0/go.mod h1:XSq8pKX11vNV8MJEMwjrlTkxhAj1zKfxmyhdV7Pd6UA=
github.com/VictoriaMetrics/metrics v1.44.0 h1:Fr8yqQSV+ZfYaDD/anqk1E8e9YPgfleSleJmAI0M0Tw=
github.com/VictoriaMetrics/metrics v1.44.0/go.mod h1:xDM82ULLYCYdFRgQ2JBxi8Uf1+8En1So9YUwlGTOqTc=
github.com/andybalholm/brotli v1.2.1 h1:R+f5xP285VArJDRgowrfb9DqL18yVK0gKAW/F+eTWro=
github.com/andybalholm/brotli v1.2.1/go.mod h1:rzTDkvFWvIrjDXZHkuS16NPggd91W3kUSvPlQ1pLaKY=
github.com/armon/go-socks5 v0.0.0-20160902184237-e75332964ef5 h1:0CwZNZbxp69SHPdPJAN/hZIm0C4OItdklCFmMRWYpio=
github.com/armon/go-socks5 v0.0.0-20160902184237-e75332964ef5/go.mod h1:wHh0iHkYZB8zMSxRWpUBQtwG5a7fFgvEO+odwuTv2gs=
github.com/asaskevich/govalidator v0.0.0-20230301143203-a9d515a09cc2 h1:DklsrG3dyBCFEj5IhUbnKptjxatkF07cF2ak3yi77so=
github.com/asaskevich/govalidator v0.0.0-20230301143203-a9d515a09cc2/go.mod h1:WaHUgvxTVq04UNunO+XhnAqY/wQc+bxr74GqbsZ/Jqw=
github.com/census-instrumentation/opencensus-proto v0.2.1/go.mod h1:f6KPmirojxKA12rnyqOA5BBL4O983OfeGPqjHWSTneU=
github.com/client9/misspell v0.3.4/go.mod h1:qj6jICC3Q7zFZvVWo7KLAzC3yx5G7kyvSDkc90ppPyw=
github.com/cncf/udpa/go v0.0.0-20191209042840-269d4d468f6f/go.mod h1:M8M6+tZqaGXZJjfX53e64911xZQV5JYwmTeXPW+k8Sc=
github.com/coreos/go-oidc/v3 v3.14.1 h1:9ePWwfdwC4QKRlCXsJGou56adA/owXczOzwKdOumLqk=
github.com/coreos/go-oidc/v3 v3.14.1/go.mod h1:HaZ3szPaZ0e4r6ebqvsLWlk2Tn+aejfmrfah6hnSYEU=
github.com/cpuguy83/go-md2man/v2 v2.0.4/go.mod h1:tgQtvFlXSQOSOSIRvRPT7W67SCa46tRHOmNcaadrF8o=
github.com/davecgh/go-spew v1.1.0/go.mod h1:J7Y8YcW2NihsgmVo/mv3lAwl/skON4iLHjSsI+c5H38=
github.com/davecgh/go-spew v1.1.1 h1:vj9j/u1bqnvCEfJOwUhtlOARqs3+rkHYY13jYWTU97c=
github.com/davecgh/go-spew v1.1.1/go.mod h1:J7Y8YcW2NihsgmVo/mv3lAwl/skON4iLHjSsI+c5H38=
github.com/ebitengine/purego v0.10.0 h1:QIw4xfpWT6GWTzaW5XEKy3HXoqrJGx1ijYHzTF0/ISU=
github.com/ebitengine/purego v0.10.0/go.mod h1:iIjxzd6CiRiOG0UyXP+V1+jWqUXVjPKLAI0mRfJZTmQ=
github.com/envoyproxy/go-control-plane v0.9.0/go.mod h1:YTl/9mNaCwkRvm6d1a2C3ymFceY/DCBVvsKhRF0iEA4=
github.com/envoyproxy/go-control-plane v0.9.4/go.mod h1:6rpuAdCZL397s3pYoYcLgu1mIlRU8Am5FuJP05cCM98=
github.com/envoyproxy/protoc-gen-validate v0.1.0/go.mod h1:iSmxcyjqTsJpI2R4NaDN7+kN2VEUnK/pcBlmesArF7c=
github.com/fatedier/frp v0.68.1 h1:MQp9lx48+DE35KSUXMhDp4TMUwvZgoJ0Mam4V6glZ1k=
github.com/fatedier/frp v0.68.1/go.mod h1:/MyYM+HG/7iW9fG+LWTEg/sLC+57C6IAgc68mziUrwk=
github.com/fatedier/golib v0.6.0 h1:/mgBZZbkbMhIEZoXf7nV8knpUDzas/b+2ruYKxx1lww=
github.com/fatedier/golib v0.6.0/go.mod h1:ArUGvPg2cOw/py2RAuBt46nNZH2VQ5Z70p109MAZpJw=
github.com/frankban/quicktest v1.14.6 h1:7Xjx+VpznH+oBnejlPUj8oUpdxnVs4f8XU8WnHkI4W8=
github.com/frankban/quicktest v1.14.6/go.mod h1:4ptaffx2x8+WTWXmUCuVU6aPUX1/Mz7zb5vbUoiM6w0=
github.com/fxamacker/cbor/v2 v2.9.2 h1:X4Ksno9+x3cz0TZv69ec1hxP/+tymuR8PXQJyDwfh78=
github.com/fxamacker/cbor/v2 v2.9.2/go.mod h1:vM4b+DJCtHn+zz7h3FFp/hDAI9WNWCsZj23V5ytsSxQ=
github.com/go-jose/go-jose/v4 v4.0.5 h1:M6T8+mKZl/+fNNuFHvGIzDz7BTLQPIounk/b9dw3AaE=
github.com/go-jose/go-jose/v4 v4.0.5/go.mod h1:s3P1lRrkT8igV8D9OjyL4WRyHvjB6a4JSllnOrmmBOA=
github.com/go-ole/go-ole v1.2.6 h1:/Fpf6oFPoeFik9ty7siob0G6Ke8QvQEuVcuChpwXzpY=
github.com/go-ole/go-ole v1.2.6/go.mod h1:pprOEPIfldk/42T2oK7lQ4v4JSDwmV0As9GaiUsvbm0=
github.com/go-openapi/analysis v0.24.0 h1:vE/VFFkICKyYuTWYnplQ+aVr45vlG6NcZKC7BdIXhsA=
github.com/go-openapi/analysis v0.24.0/go.mod h1:GLyoJA+bvmGGaHgpfeDh8ldpGo69fAJg7eeMDMRCIrw=
github.com/go-openapi/errors v0.22.3 h1:k6Hxa5Jg1TUyZnOwV2Lh81j8ayNw5VVYLvKrp4zFKFs=
github.com/go-openapi/errors v0.22.3/go.mod h1:+WvbaBBULWCOna//9B9TbLNGSFOfF8lY9dw4hGiEiKQ=
github.com/go-openapi/jsonpointer v0.22.1 h1:sHYI1He3b9NqJ4wXLoJDKmUmHkWy/L7rtEo92JUxBNk=
github.com/go-openapi/jsonpointer v0.22.1/go.mod h1:pQT9OsLkfz1yWoMgYFy4x3U5GY5nUlsOn1qSBH5MkCM=
github.com/go-openapi/jsonreference v0.21.2 h1:Wxjda4M/BBQllegefXrY/9aq1fxBA8sI5M/lFU6tSWU=
github.com/go-openapi/jsonreference v0.21.2/go.mod h1:pp3PEjIsJ9CZDGCNOyXIQxsNuroxm8FAJ/+quA0yKzQ=
github.com/go-openapi/loads v0.23.1 h1:H8A0dX2KDHxDzc797h0+uiCZ5kwE2+VojaQVaTlXvS0=
github.com/go-openapi/loads v0.23.1/go.mod h1:hZSXkyACCWzWPQqizAv/Ye0yhi2zzHwMmoXQ6YQml44=
github.com/go-openapi/runtime v0.29.0 h1:Y7iDTFarS9XaFQ+fA+lBLngMwH6nYfqig1G+pHxMRO0=
github.com/go-openapi/runtime v0.29.0/go.mod h1:52HOkEmLL/fE4Pg3Kf9nxc9fYQn0UsIWyGjGIJE9dkg=
github.com/go-openapi/spec v0.22.0 h1:xT/EsX4frL3U09QviRIZXvkh80yibxQmtoEvyqug0Tw=
github.com/go-openapi/spec v0.22.0/go.mod h1:K0FhKxkez8YNS94XzF8YKEMULbFrRw4m15i2YUht4L0=
github.com/go-openapi/strfmt v0.24.0 h1:dDsopqbI3wrrlIzeXRbqMihRNnjzGC+ez4NQaAAJLuc=
github.com/go-openapi/strfmt v0.24.0/go.mod h1:Lnn1Bk9rZjXxU9VMADbEEOo7D7CDyKGLsSKekhFr7s4=
github.com/go-openapi/swag v0.22.3 h1:yMBqmnQ0gyZvEb/+KzuWZOXgllrXT4SADYbvDaXHv/g=
github.com/go-openapi/swag/conv v0.25.1 h1:+9o8YUg6QuqqBM5X6rYL/p1dpWeZRhoIt9x7CCP+he0=
github.com/go-openapi/swag/conv v0.25.1/go.mod h1:Z1mFEGPfyIKPu0806khI3zF+/EUXde+fdeksUl2NiDs=
github.com/go-openapi/swag/fileutils v0.25.1 h1:rSRXapjQequt7kqalKXdcpIegIShhTPXx7yw0kek2uU=
github.com/go-openapi/swag/fileutils v0.25.1/go.mod h1:+NXtt5xNZZqmpIpjqcujqojGFek9/w55b3ecmOdtg8M=
github.com/go-openapi/swag/jsonname v0.25.1 h1:Sgx+qbwa4ej6AomWC6pEfXrA6uP2RkaNjA9BR8a1RJU=
github.com/go-openapi/swag/jsonname v0.25.1/go.mod h1:71Tekow6UOLBD3wS7XhdT98g5J5GR13NOTQ9/6Q11Zo=
github.com/go-openapi/swag/jsonutils v0.25.1 h1:AihLHaD0brrkJoMqEZOBNzTLnk81Kg9cWr+SPtxtgl8=
github.com/go-openapi/swag/jsonutils v0.25.1/go.mod h1:JpEkAjxQXpiaHmRO04N1zE4qbUEg3b7Udll7AMGTNOo=
github.com/go-openapi/swag/jsonutils/fixtures_test v0.25.1 h1:DSQGcdB6G0N9c/KhtpYc71PzzGEIc/fZ1no35x4/XBY=
github.com/go-openapi/swag/jsonutils/fixtures_test v0.25.1/go.mod h1:kjmweouyPwRUEYMSrbAidoLMGeJ5p6zdHi9BgZiqmsg=
github.com/go-openapi/swag/loading v0.25.1 h1:6OruqzjWoJyanZOim58iG2vj934TysYVptyaoXS24kw=
github.com/go-openapi/swag/loading v0.25.1/go.mod h1:xoIe2EG32NOYYbqxvXgPzne989bWvSNoWoyQVWEZicc=
github.com/go-openapi/swag/mangling v0.25.1 h1:XzILnLzhZPZNtmxKaz/2xIGPQsBsvmCjrJOWGNz/ync=
github.com/go-openapi/swag/mangling v0.25.1/go.mod h1:CdiMQ6pnfAgyQGSOIYnZkXvqhnnwOn997uXZMAd/7mQ=
github.com/go-openapi/swag/stringutils v0.25.1 h1:Xasqgjvk30eUe8VKdmyzKtjkVjeiXx1Iz0zDfMNpPbw=
github.com/go-openapi/swag/stringutils v0.25.1/go.mod h1:JLdSAq5169HaiDUbTvArA2yQxmgn4D6h4A+4HqVvAYg=
github.com/go-openapi/swag/typeutils v0.25.1 h1:rD/9HsEQieewNt6/k+JBwkxuAHktFtH3I3ysiFZqukA=
github.com/go-openapi/swag/typeutils v0.25.1/go.mod h1:9McMC/oCdS4BKwk2shEB7x17P6HmMmA6dQRtAkSnNb8=
github.com/go-openapi/swag/yamlutils v0.25.1 h1:mry5ez8joJwzvMbaTGLhw8pXUnhDK91oSJLDPF1bmGk=
github.com/go-openapi/swag/yamlutils v0.25.1/go.mod h1:cm9ywbzncy3y6uPm/97ysW8+wZ09qsks+9RS8fLWKqg=
github.com/go-openapi/validate v0.25.0 h1:JD9eGX81hDTjoY3WOzh6WqxVBVl7xjsLnvDo1GL5WPU=
github.com/go-openapi/validate v0.25.0/go.mod h1:SUY7vKrN5FiwK6LyvSwKjDfLNirSfWwHNgxd2l29Mmw=
github.com/go-resty/resty/v2 v2.17.1 h1:x3aMpHK1YM9e4va/TMDRlusDDoZiQ+ViDu/WpA6xTM4=
github.com/go-resty/resty/v2 v2.17.1/go.mod h1:kCKZ3wWmwJaNc7S29BRtUhJwy7iqmn+2mLtQrOyQlVA=
github.com/go-viper/mapstructure/v2 v2.4.0 h1:EBsztssimR/CONLSZZ04E8qAkxNYq4Qp9LvH92wZUgs=
github.com/go-viper/mapstructure/v2 v2.4.0/go.mod h1:oJDH3BJKyqBA2TXFhDsKDGDTlndYOZ6rGS0BRZIxGhM=
github.com/gofiber/contrib/v3/jwt v1.0.0-rc.1 h1:O1og5GyFmmbsi/VPjBT4A4A6OiEe2CT0WFGsiKXvTwI=
github.com/gofiber/contrib/v3/jwt v1.0.0-rc.1/go.mod h1:/9zLCFyb78MfS+GLXPofhfbYz3OU22xGMEJy8tkRKn4=
github.com/gofiber/contrib/v3/swagger v1.0.0-rc.1 h1:9krHhCxIbOi0NuqBg/jN0evUpoOhZMorFJtMFwACJgQ=
github.com/gofiber/contrib/v3/swagger v1.0.0-rc.1/go.mod h1:yZHwR0nsqB0w6CFfEhzVqNFsHmPE8ZJGE6xbbJrptcs=
github.com/gofiber/fiber/v3 v3.3.0 h1:QBd3sYCqdy6Qs5gJYzSw4I4SbqL204jPqpdub/ueiw8=
github.com/gofiber/fiber/v3 v3.3.0/go.mod h1:YH7/TAoRaU4kF8slDCtQuFJ1NzC+3MtxUI4KfvQtaIA=
github.com/gofiber/schema v1.7.1 h1:oSJBKdgP8JeIME4TQSAqlNKTU2iBB+2RNmKi8Nsc+TI=
github.com/gofiber/schema v1.7.1/go.mod h1:A/X5Ffyru4p9eBdp99qu+nzviHzQiZ7odLT+TwxWhbk=
github.com/gofiber/utils/v2 v2.0.6 h1:7fXYy7nSsyqbH0GQUMtK4Kwjy4J7R5742VM7JsZxzOs=
github.com/gofiber/utils/v2 v2.0.6/go.mod h1:p7mAHAk3+oUK10ZX2xTw9fZQixb4hCg8SKd4IH2xroU=
github.com/golang-jwt/jwt/v5 v5.2.1/go.mod h1:pqrtFR0X4osieyHYxtmOUWsAWrfe1Q5UVIyoH402zdk=
github.com/golang-jwt/jwt/v5 v5.3.0 h1:pv4AsKCKKZuqlgs5sUmn4x8UlGa0kEVt/puTpKx9vvo=
github.com/golang-jwt/jwt/v5 v5.3.0/go.mod h1:fxCRLWMO43lRc8nhHWY6LGqRcf+1gQWArsqaEUEa5bE=
github.com/golang/glog v0.0.0-20160126235308-23def4e6c14b/go.mod h1:SBH7ygxi8pfUlaOkMMuAQtPIUF8ecWP5IEl/CR7VP2Q=
github.com/golang/mock v1.1.1/go.mod h1:oTYuIxOrZwtPieC+H1uAHpcLFnEyAGVDL/k47Jfbm0A=
github.com/golang/protobuf v1.2.0/go.mod h1:6lQm79b+lXiMfvg/cZm0SGofjICqVBUtrP5yJMmIC1U=
github.com/golang/protobuf v1.3.2/go.mod h1:6lQm79b+lXiMfvg/cZm0SGofjICqVBUtrP5yJMmIC1U=
github.com/golang/protobuf v1.3.3/go.mod h1:vzj43D7+SQXF/4pzW/hwtAqwc6iTitCiVSaWz5lYuqw=
github.com/golang/protobuf v1.4.0-rc.1/go.mod h1:ceaxUfeHdC40wWswd/P6IGgMaK3YpKi5j83Wpe3EHw8=
github.com/golang/protobuf v1.4.0-rc.1.0.20200221234624-67d41d38c208/go.mod h1:xKAWHe0F5eneWXFV3EuXVDTCmh+JuBKY0li0aMyXATA=
github.com/golang/protobuf v1.4.0-rc.2/go.mod h1:LlEzMj4AhA7rCAGe4KMBDvJI+AwstrUpVNzEA03Pprs=
github.com/golang/protobuf v1.4.0-rc.4.0.20200313231945-b860323f09d0/go.mod h1:WU3c8KckQ9AFe+yFwt9sWVRKCVIyN9cPHBJSNnbL67w=
github.com/golang/protobuf v1.4.0/go.mod h1:jodUvKwWbYaEsadDk5Fwe5c77LiNKVO9IDvqG2KuDX0=
github.com/golang/protobuf v1.4.2/go.mod h1:oDoupMAO8OvCJWAcko0GGGIgR6R6ocIYbsSw735rRwI=
github.com/golang/snappy v0.0.4 h1:yAGX7huGHXlcLOEtBnF4w7FQwA26wojNCwOYAEhLjQM=
github.com/golang/snappy v0.0.4/go.mod h1:/XxbfmMg8lxefKM7IXC3fBNl/7bRcc72aCRzEWrmP2Q=
github.com/google/btree v1.0.1 h1:gK4Kx5IaGY9CD5sPJ36FHiBJ6ZXl0kilRiiCj+jdYp4=
github.com/google/btree v1.0.1/go.mod h1:xXMiIv4Fb/0kKde4SpL7qlzvu5cMJDRkFDxJfI9uaxA=
github.com/google/go-cmp v0.2.0/go.mod h1:oXzfMopK8JAjlY9xF4vHSVASa0yLyX7SntLO5aqRK0M=
github.com/google/go-cmp v0.3.0/go.mod h1:8QqcDgzrUqlUb/G2PQTWiueGozuR1884gddMywk6iLU=
github.com/google/go-cmp v0.3.1/go.mod h1:8QqcDgzrUqlUb/G2PQTWiueGozuR1884gddMywk6iLU=
github.com/google/go-cmp v0.4.0/go.mod h1:v8dTdLbMG2kIc/vJvl+f65V22dbkXbowE6jgT/gNBxE=
github.com/google/go-cmp v0.5.6/go.mod h1:v8dTdLbMG2kIc/vJvl+f65V22dbkXbowE6jgT/gNBxE=
github.com/google/go-cmp v0.6.0/go.mod h1:17dUlkBOakJ0+DkrSSNjCkIjxS6bF9zb3elmeNGIjoY=
github.com/google/go-cmp v0.7.0 h1:wk8382ETsv4JYUZwIsn6YpYiWiBsYLSJiTsyBybVuN8=
github.com/google/go-cmp v0.7.0/go.mod h1:pXiqmnSA92OHEEa9HXL2W4E7lf9JzCmGVUdgjX3N/iU=
github.com/google/go-github v17.0.0+incompatible h1:N0LgJ1j65A7kfXrZnUDaYCs/Sf4rEjNlfyDHW9dolSY=
github.com/google/go-github v17.0.0+incompatible/go.mod h1:zLgOLi98H3fifZn+44m+umXrS52loVEgC2AApnigrVQ=
github.com/google/go-querystring v1.2.0 h1:yhqkPbu2/OH+V9BfpCVPZkNmUXhb2gBxJArfhIxNtP0=
github.com/google/go-querystring v1.2.0/go.mod h1:8IFJqpSRITyJ8QhQ13bmbeMBDfmeEJZD5A0egEOmkqU=
github.com/google/uuid v1.6.0 h1:NIvaJDMOsjHA8n1jAhLSgzrAzy1Hgr+hNrb57e+94F0=
github.com/google/uuid v1.6.0/go.mod h1:TIyPZe4MgqvfeYDBFedMoGGpEw/LqOeaOT+nhxU+yHo=
github.com/gorilla/mux v1.8.1 h1:TuBL49tXwgrFYWhqrNgrUNEY92u81SPhu7sTdzQEiWY=
github.com/gorilla/mux v1.8.1/go.mod h1:AKf9I4AEqPTmMytcMc0KkNouC66V3BtZ4qD5fmWSiMQ=
github.com/grafov/m3u8 v0.12.1 h1:DuP1uA1kvRRmGNAZ0m+ObLv1dvrfNO0TPx0c/enNk0s=
github.com/grafov/m3u8 v0.12.1/go.mod h1:nqzOkfBiZJENr52zTVd/Dcl03yzphIMbJqkXGu+u080=
github.com/hashicorp/go-version v1.9.0 h1:CeOIz6k+LoN3qX9Z0tyQrPtiB1DFYRPfCIBtaXPSCnA=
github.com/hashicorp/go-version v1.9.0/go.mod h1:fltr4n8CU8Ke44wwGCBoEymUuxUHl09ZGVZPK5anwXA=
github.com/hashicorp/yamux v0.1.1 h1:yrQxtgseBDrq9Y652vSRDvsKCJKOUD+GzTS4Y0Y8pvE=
github.com/hashicorp/yamux v0.1.1/go.mod h1:CtWFDAQgb7dxtzFs4tWbplKIe2jSi3+5vKbgIO0SLnQ=
github.com/inconshreveable/mousetrap v1.1.0 h1:wN+x4NVGpMsO7ErUn/mUI3vEoE6Jt13X2s0bqwp9tc8=
github.com/inconshreveable/mousetrap v1.1.0/go.mod h1:vpF70FUmC8bwa3OWnCshd2FqLfsEA9PFc4w1p2J65bw=
github.com/jellydator/ttlcache/v3 v3.4.0 h1:YS4P125qQS0tNhtL6aeYkheEaB/m8HCqdMMP4mnWdTY=
github.com/jellydator/ttlcache/v3 v3.4.0/go.mod h1:Hw9EgjymziQD3yGsQdf1FqFdpp7YjFMd4Srg5EJlgD4=
github.com/joho/godotenv v1.5.1 h1:7eLL/+HRGLY0ldzfGMeQkb7vMd0as4CfYvUVzLqw0N0=
github.com/joho/godotenv v1.5.1/go.mod h1:f4LDr5Voq0i2e/R5DDNOoa2zzDfwtkZa6DnEwAbqwq4=
github.com/klauspost/compress v1.18.6 h1:2jupLlAwFm95+YDR+NwD2MEfFO9d4z4Prjl1XXDjuao=
github.com/klauspost/compress v1.18.6/go.mod h1:cwPg85FWrGar70rWktvGQj8/hthj3wpl0PGDogxkrSQ=
github.com/klauspost/cpuid/v2 v2.2.6 h1:ndNyv040zDGIDh8thGkXYjnFtiN02M1PVVF+JE/48xc=
github.com/klauspost/cpuid/v2 v2.2.6/go.mod h1:Lcz8mBdAVJIBVzewtcLocK12l3Y+JytZYpaMropDUws=
github.com/klauspost/reedsolomon v1.12.0 h1:I5FEp3xSwVCcEh3F5A7dofEfhXdF/bWhQWPH+XwBFno=
github.com/klauspost/reedsolomon v1.12.0/go.mod h1:EPLZJeh4l27pUGC3aXOjheaoh1I9yut7xTURiW3LQ9Y=
github.com/kr/pretty v0.3.1 h1:flRD4NNwYAUpkphVc1HcthR4KEIFJ65n8Mw5qdRn3LE=
github.com/kr/pretty v0.3.1/go.mod h1:hoEshYVHaxMs3cyo3Yncou5ZscifuDolrwPKZanG3xk=
github.com/kr/text v0.2.0 h1:5Nx0Ya0ZqY2ygV366QzturHI13Jq95ApcVaJBhpS+AY=
github.com/kr/text v0.2.0/go.mod h1:eLer722TekiGuMkidMxC/pM04lWEeraHUUmBw8l2grE=
github.com/lufia/plan9stats v0.0.0-20211012122336-39d0f177ccd0 h1:6E+4a0GO5zZEnZ81pIr0yLvtUWk2if982qA3F3QD6H4=
github.com/lufia/plan9stats v0.0.0-20211012122336-39d0f177ccd0/go.mod h1:zJYVVT2jmtg6P3p1VtQj7WsuWi/y4VnjVBn7F8KPB3I=
github.com/mattn/go-colorable v0.1.14 h1:9A9LHSqF/7dyVVX6g0U9cwm9pG3kP9gSzcuIPHPsaIE=
github.com/mattn/go-colorable v0.1.14/go.mod h1:6LmQG8QLFO4G5z1gPvYEzlUgJ2wF+stgPZH1UqBm1s8=
github.com/mattn/go-isatty v0.0.22 h1:j8l17JJ9i6VGPUFUYoTUKPSgKe/83EYU2zBC7YNKMw4=
github.com/mattn/go-isatty v0.0.22/go.mod h1:ZXfXG4SQHsB/w3ZeOYbR0PrPwLy+n6xiMrJlRFqopa4=
github.com/oklog/ulid v1.3.1 h1:EGfNDEx6MqHz8B3uNV6QAib1UR2Lm97sHi3ocA6ESJ4=
github.com/oklog/ulid v1.3.1/go.mod h1:CirwcVhetQ6Lv90oh/F+FBtV6XMibvdAFo93nm5qn4U=
github.com/pelletier/go-toml/v2 v2.2.0 h1:QLgLl2yMN7N+ruc31VynXs1vhMZa7CeHHejIeBAsoHo=
github.com/pelletier/go-toml/v2 v2.2.0/go.mod h1:1t835xjRzz80PqgE6HHgN2JOsmgYu/h4qDAS4n929Rs=
github.com/philhofer/fwd v1.2.0 h1:e6DnBTl7vGY+Gz322/ASL4Gyp1FspeMvx1RNDoToZuM=
github.com/philhofer/fwd v1.2.0/go.mod h1:RqIHx9QI14HlwKwm98g9Re5prTQ6LdeRQn+gXJFxsJM=
github.com/pion/dtls/v3 v3.0.10 h1:k9ekkq1kaZoxnNEbyLKI8DI37j/Nbk1HWmMuywpQJgg=
github.com/pion/dtls/v3 v3.0.10/go.mod h1:YEmmBYIoBsY3jmG56dsziTv/Lca9y4Om83370CXfqJ8=
github.com/pion/logging v0.2.4 h1:tTew+7cmQ+Mc1pTBLKH2puKsOvhm32dROumOZ655zB8=
github.com/pion/logging v0.2.4/go.mod h1:DffhXTKYdNZU+KtJ5pyQDjvOAh/GsNSyv1lbkFbe3so=
github.com/pion/stun/v3 v3.1.1 h1:CkQxveJ4xGQjulGSROXbXq94TAWu8gIX2dT+ePhUkqw=
github.com/pion/stun/v3 v3.1.1/go.mod h1:qC1DfmcCTQjl9PBaMa5wSn3x9IPmKxSdcCsxBcDBndM=
github.com/pion/transport/v4 v4.0.1 h1:sdROELU6BZ63Ab7FrOLn13M6YdJLY20wldXW2Cu2k8o=
github.com/pion/transport/v4 v4.0.1/go.mod h1:nEuEA4AD5lPdcIegQDpVLgNoDGreqM/YqmEx3ovP4jM=
github.com/pires/go-proxyproto v0.7.0 h1:IukmRewDQFWC7kfnb66CSomk2q/seBuilHBYFwyq0Hs=
github.com/pires/go-proxyproto v0.7.0/go.mod h1:Vz/1JPY/OACxWGQNIRY2BeyDmpoaWmEP40O9LbuiFR4=
github.com/pkg/errors v0.9.1 h1:FEBLx1zS214owpjy7qsBeixbURkuhQAwrK5UwLGTwt4=
github.com/pkg/errors v0.9.1/go.mod h1:bwawxfHBFNV+L2hUp1rHADufV3IMtnDRdf1r5NINEl0=
github.com/pmezard/go-difflib v1.0.0 h1:4DBwDE0NGyQoBHbLQYPwSUPoCMWR5BEzIk/f1lZbAQM=
github.com/pmezard/go-difflib v1.0.0/go.mod h1:iKH77koFhYxTK1pcRnkKkqfTogsbg7gZNVY4sRDYZ/4=
github.com/power-devops/perfstat v0.0.0-20240221224432-82ca36839d55 h1:o4JXh1EVt9k/+g42oCprj/FisM4qX9L3sZB3upGN2ZU=
github.com/power-devops/perfstat v0.0.0-20240221224432-82ca36839d55/go.mod h1:OmDBASR4679mdNQnz2pUhc2G8CO2JrUAVFDRBDP/hJE=
github.com/prometheus/client_model v0.0.0-20190812154241-14fe0d1b01d4/go.mod h1:xMI15A0UPsDsEKsMN9yxemIoYk6Tm2C1GtYGdfGttqA=
github.com/puzpuzpuz/xsync/v4 v4.2.0 h1:dlxm77dZj2c3rxq0/XNvvUKISAmovoXF4a4qM6Wvkr0=
github.com/puzpuzpuz/xsync/v4 v4.2.0/go.mod h1:VJDmTCJMBt8igNxnkQd86r+8KUeN1quSfNKu5bLYFQo=
github.com/quic-go/quic-go v0.55.0 h1:zccPQIqYCXDt5NmcEabyYvOnomjs8Tlwl7tISjJh9Mk=
github.com/quic-go/quic-go v0.55.0/go.mod h1:DR51ilwU1uE164KuWXhinFcKWGlEjzys2l8zUl5Ss1U=
github.com/rogpeppe/go-internal v1.11.0 h1:cWPaGQEPrBb5/AsnsZesgZZ9yb1OQ+GOISoDNXVBh4M=
github.com/rogpeppe/go-internal v1.11.0/go.mod h1:ddIwULY96R17DhadqLgMfk9H9tvdUzkipdSkR5nkCZA=
github.com/russross/blackfriday/v2 v2.1.0/go.mod h1:+Rmxgy9KzJVeS9/2gXHxylqXiyQDYRxCVz55jmeOWTM=
github.com/samber/lo v1.47.0 h1:z7RynLwP5nbyRscyvcD043DWYoOcYRv3mV8lBeqOCLc=
github.com/samber/lo v1.47.0/go.mod h1:RmDH9Ct32Qy3gduHQuKJ3gW1fMHAnE/fAzQuf6He5cU=
github.com/shamaton/msgpack/v3 v3.1.2 h1:d5gWAIyMU4M0WgDjz6IFSCuXJUA2dFwRHBpDclE8CLw=
github.com/shamaton/msgpack/v3 v3.1.2/go.mod h1:DcQG8jrdrQCIxr3HlMYkiXdMhK+KfN2CitkyzsQV4uc=
github.com/shirou/gopsutil/v4 v4.26.2 h1:X8i6sicvUFih4BmYIGT1m2wwgw2VG9YgrDTi7cIRGUI=
github.com/shirou/gopsutil/v4 v4.26.2/go.mod h1:LZ6ewCSkBqUpvSOf+LsTGnRinC6iaNUNMGBtDkJBaLQ=
github.com/sirupsen/logrus v1.9.3 h1:dueUQJ1C2q9oE3F7wvmSGAaVtTmUizReu6fjN8uqzbQ=
github.com/sirupsen/logrus v1.9.3/go.mod h1:naHLuLoDiP4jHNo9R0sCBMtWGeIprob74mVsIT4qYEQ=
github.com/skip2/go-qrcode v0.0.0-20200617195104-da1b6568686e h1:MRM5ITcdelLK2j1vwZ3Je0FKVCfqOLp5zO6trqMLYs0=
github.com/skip2/go-qrcode v0.0.0-20200617195104-da1b6568686e/go.mod h1:XV66xRDqSt+GTGFMVlhk3ULuV0y9ZmzeVGR4mloJI3M=
github.com/songgao/water v0.0.0-20200317203138-2b4b6d7c09d8 h1:TG/diQgUe0pntT/2D9tmUCz4VNwm9MfrtPr0SU2qSX8=
github.com/songgao/water v0.0.0-20200317203138-2b4b6d7c09d8/go.mod h1:P5HUIBuIWKbyjl083/loAegFkfbFNx5i2qEP4CNbm7E=
github.com/spf13/cast v1.10.0 h1:h2x0u2shc1QuLHfxi+cTJvs30+ZAHOGRic8uyGTDWxY=
github.com/spf13/cast v1.10.0/go.mod h1:jNfB8QC9IA6ZuY2ZjDp0KtFO2LZZlg4S/7bzP6qqeHo=
github.com/spf13/cobra v1.8.1 h1:e5/vxKd/rZsfSJMUX1agtjeTDf+qv1/JdBF8gg5k9ZM=
github.com/spf13/cobra v1.8.1/go.mod h1:wHxEcudfqmLYa8iTfL+OuZPbBZkmvliBWKIezN3kD9Y=
github.com/spf13/pflag v1.0.5/go.mod h1:McXfInJRrz4CZXVZOBLb0bTZqETkiAhM9Iw0y3An2Bg=
github.com/spf13/pflag v1.0.6 h1:jFzHGLGAlb3ruxLB8MhbI6A8+AQX/2eW4qeyNZXNp2o=
github.com/spf13/pflag v1.0.6/go.mod h1:McXfInJRrz4CZXVZOBLb0bTZqETkiAhM9Iw0y3An2Bg=
github.com/stretchr/objx v0.1.0/go.mod h1:HFkY916IF+rwdDfMAkV7OtwuqBVzrE8GR6GFx+wExME=
github.com/stretchr/objx v0.4.0/go.mod h1:YvHI0jy2hoMjB+UWwv71VJQ9isScKT/TqJzVSSt89Yw=
github.com/stretchr/objx v0.5.0/go.mod h1:Yh+to48EsGEfYuaHDzXPcE3xhTkx73EhmCGUpEOglKo=
github.com/stretchr/objx v0.5.2/go.mod h1:FRsXN1f5AsAjCGJKqEizvkpNtU+EGNCLh3NxZ/8L+MA=
github.com/stretchr/testify v1.7.0/go.mod h1:6Fq8oRcR53rry900zMqJjRRixrwX3KX962/h/Wwjteg=
github.com/stretchr/testify v1.7.1/go.mod h1:6Fq8oRcR53rry900zMqJjRRixrwX3KX962/h/Wwjteg=
github.com/stretchr/testify v1.8.0/go.mod h1:yNjHg4UonilssWZ8iaSj1OCr/vHnekPRkoO+kdMU+MU=
github.com/stretchr/testify v1.8.4/go.mod h1:sz/lmYIOXD/1dqDmKjjqLyZ2RngseejIcXlSw2iwfAo=
github.com/stretchr/testify v1.9.0/go.mod h1:r2ic/lqez/lEtzL7wO/rwa5dbSLXVDPFyf8C91i36aY=
github.com/stretchr/testify v1.11.1 h1:7s2iGBzp5EwR7/aIZr8ao5+dra3wiQyKjjFuvgVKu7U=
github.com/stretchr/testify v1.11.1/go.mod h1:wZwfW3scLgRK+23gO65QZefKpKQRnfz6sD981Nm4B6U=
github.com/swaggo/swag v1.16.6 h1:qBNcx53ZaX+M5dxVyTrgQ0PJ/ACK+NzhwcbieTt+9yI=
github.com/swaggo/swag v1.16.6/go.mod h1:ngP2etMK5a0P3QBizic5MEwpRmluJZPHjXcMoj4Xesg=
github.com/tcnksm/go-latest v0.0.0-20170313132115-e3007ae9052e h1:IWllFTiDjjLIf2oeKxpIUmtiDV5sn71VgeQgg6vcE7k=
github.com/tcnksm/go-latest v0.0.0-20170313132115-e3007ae9052e/go.mod h1:d7u6HkTYKSv5m6MCKkOQlHwaShTMl3HjqSGW3XtVhXM=
github.com/templexxx/cpu v0.1.1 h1:isxHaxBXpYFWnk2DReuKkigaZyrjs2+9ypIdGP4h+HI=
github.com/templexxx/cpu v0.1.1/go.mod h1:w7Tb+7qgcAlIyX4NhLuDKt78AHA5SzPmq0Wj6HiEnnk=
github.com/templexxx/xorsimd v0.4.3 h1:9AQTFHd7Bhk3dIT7Al2XeBX5DWOvsUPZCuhyAtNbHjU=
github.com/templexxx/xorsimd v0.4.3/go.mod h1:oZQcD6RFDisW2Am58dSAGwwL6rHjbzrlu25VDqfWkQg=
github.com/tinylib/msgp v1.6.4 h1:mOwYbyYDLPj35mkA2BjjYejgJk9BuHxDdvRnb6v2ZcQ=
github.com/tinylib/msgp v1.6.4/go.mod h1:RSp0LW9oSxFut3KzESt5Voq4GVWyS+PSulT77roAqEA=
github.com/tjfoc/gmsm v1.4.1 h1:aMe1GlZb+0bLjn+cKTPEvvn9oUEBlJitaZiiBwsbgho=
github.com/tjfoc/gmsm v1.4.1/go.mod h1:j4INPkHWMrhJb38G+J6W4Tw0AbuN8Thu3PbdVYhVcTE=
github.com/tklauser/go-sysconf v0.3.16 h1:frioLaCQSsF5Cy1jgRBrzr6t502KIIwQ0MArYICU0nA=
github.com/tklauser/go-sysconf v0.3.16/go.mod h1:/qNL9xxDhc7tx3HSRsLWNnuzbVfh3e7gh/BmM179nYI=
github.com/tklauser/numcpus v0.11.0 h1:nSTwhKH5e1dMNsCdVBukSZrURJRoHbSEQjdEbY+9RXw=
github.com/tklauser/numcpus v0.11.0/go.mod h1:z+LwcLq54uWZTX0u/bGobaV34u6V7KNlTZejzM6/3MQ=
github.com/valyala/bytebufferpool v1.0.0 h1:GqA5TC/0021Y/b9FG4Oi9Mr3q7XYx6KllzawFIhcdPw=
github.com/valyala/bytebufferpool v1.0.0/go.mod h1:6bBcMArwyJ5K/AmCkWv1jt77kVWyCJ6HpOuEn7z0Csc=
github.com/valyala/fasthttp v1.71.0 h1:tepR7H+Guh9VUqxxcPggYi8R3lGUu2Rsdh+z7/FCY3k=
github.com/valyala/fasthttp v1.71.0/go.mod h1:z1sDUvOShhXq/C9mwH/fSm1Vb71tUJwmQdgkBrBNwnA=
github.com/valyala/fastrand v1.1.0 h1:f+5HkLW4rsgzdNoleUOB69hyT9IlD2ZQh9GyDMfb5G8=
github.com/valyala/fastrand v1.1.0/go.mod h1:HWqCzkrkg6QXT8V2EXWvXCoow7vLwOFN002oeRzjapQ=
github.com/valyala/histogram v1.2.0 h1:wyYGAZZt3CpwUiIb9AU/Zbllg1llXyrtApRS815OLoQ=
github.com/valyala/histogram v1.2.0/go.mod h1:Hb4kBwb4UxsaNbbbh+RRz8ZR6pdodR57tzWUS3BUzXY=
github.com/vishvananda/netlink v1.3.0 h1:X7l42GfcV4S6E4vHTsw48qbrV+9PVojNfIhZcwQdrZk=
github.com/vishvananda/netlink v1.3.0/go.mod h1:i6NetklAujEcC6fK0JPjT8qSwWyO0HLn4UKG+hGqeJs=
github.com/vishvananda/netns v0.0.4 h1:Oeaw1EM2JMxD51g9uhtC0D7erkIjgmj8+JZc26m1YX8=
github.com/vishvananda/netns v0.0.4/go.mod h1:SpkAiCQRtJ6TvvxPnOSyH3BMl6unz3xZlaprSwhNNJM=
github.com/wlynxg/anet v0.0.5 h1:J3VJGi1gvo0JwZ/P1/Yc/8p63SoW98B5dHkYDmpgvvU=
github.com/wlynxg/anet v0.0.5/go.mod h1:eay5PRQr7fIVAMbTbchTnO9gG65Hg/uYGdc7mguHxoA=
github.com/x448/float16 v0.8.4 h1:qLwI1I70+NjRFUR3zs1JPUCgaCXSh3SW62uAKT1mSBM=
github.com/x448/float16 v0.8.4/go.mod h1:14CWIYCyZA/cWjXOioeEpHeN/83MdbZDRQHoFcYsOfg=
github.com/xtaci/kcp-go/v5 v5.6.13 h1:FEjtz9+D4p8t2x4WjciGt/jsIuhlWjjgPCCWjrVR4Hk=
github.com/xtaci/kcp-go/v5 v5.6.13/go.mod h1:75S1AKYYzNUSXIv30h+jPKJYZUwqpfvLshu63nCNSOM=
github.com/xtaci/lossyconn v0.0.0-20200209145036-adba10fffc37 h1:EWU6Pktpas0n8lLQwDsRyZfmkPeRbdgPtW609es+/9E=
github.com/xtaci/lossyconn v0.0.0-20200209145036-adba10fffc37/go.mod h1:HpMP7DB2CyokmAh4lp0EQnnWhmycP/TvwBGzvuie+H0=
github.com/xyproto/randomstring v1.0.5 h1:YtlWPoRdgMu3NZtP45drfy1GKoojuR7hmRcnhZqKjWU=
github.com/xyproto/randomstring v1.0.5/go.mod h1:rgmS5DeNXLivK7YprL0pY+lTuhNQW3iGxZ18UQApw/E=
github.com/yuin/goldmark v1.4.13/go.mod h1:6yULJ656Px+3vBD8DxQVa3kxgyrAnzto9xy5taEt/CY=
github.com/yusufpapurcu/wmi v1.2.4 h1:zFUKzehAFReQwLys1b/iSMl+JQGSCSjtVqQn9bBrPo0=
github.com/yusufpapurcu/wmi v1.2.4/go.mod h1:SBZ9tNy3G9/m5Oi98Zks0QjeHVDvuK0qfxQmPyzfmi0=
go.etcd.io/bbolt v1.4.3 h1:dEadXpI6G79deX5prL3QRNP6JB8UxVkqo4UPnHaNXJo=
go.etcd.io/bbolt v1.4.3/go.mod h1:tKQlpPaYCVFctUIgFKFnAlvbmB3tpy1vkTnDWohtc0E=
go.mongodb.org/mongo-driver v1.17.4 h1:jUorfmVzljjr0FLzYQsGP8cgN/qzzxlY9Vh0C9KFXVw=
go.mongodb.org/mongo-driver v1.17.4/go.mod h1:Hy04i7O2kC4RS06ZrhPRqj/u4DTYkFDAAccj+rVKqgQ=
go.uber.org/dig v1.19.0 h1:BACLhebsYdpQ7IROQ1AGPjrXcP5dF80U3gKoFzbaq/4=
go.uber.org/dig v1.19.0/go.mod h1:Us0rSJiThwCv2GteUN0Q7OKvU7n5J4dxZ9JKUXozFdE=
go.uber.org/fx v1.24.0 h1:wE8mruvpg2kiiL1Vqd0CC+tr0/24XIB10Iwp2lLWzkg=
go.uber.org/fx v1.24.0/go.mod h1:AmDeGyS+ZARGKM4tlH4FY2Jr63VjbEDJHtqXTGP5hbo=
go.uber.org/goleak v1.3.0 h1:2K3zAYmnTNqV73imy9J1T3WC+gmCePx2hEGkimedGto=
go.uber.org/goleak v1.3.0/go.mod h1:CoHD4mav9JJNrW/WLlf7HGZPjdw8EucARQHekz1X6bE=
go.uber.org/mock v0.5.2 h1:LbtPTcP8A5k9WPXj54PPPbjcI4Y6lhyOZXn+VS7wNko=
go.uber.org/mock v0.5.2/go.mod h1:wLlUxC2vVTPTaE3UD51E0BGOAElKrILxhVSDYQLld5o=
go.uber.org/multierr v1.10.0 h1:S0h4aNzvfcFsC3dRF1jLoaov7oRaKqRGC/pUEJ2yvPQ=
go.uber.org/multierr v1.10.0/go.mod h1:20+QtiLqy0Nd6FdQB9TLXag12DsQkrbs3htMFfDN80Y=
go.uber.org/zap v1.26.0 h1:sI7k6L95XOKS281NhVKOFCUNIvv9e0w4BF8N3u+tCRo=
go.uber.org/zap v1.26.0/go.mod h1:dtElttAiwGvoJ/vj4IwHBS/gXsEu/pZ50mUIRWuG0so=
go.yaml.in/yaml/v3 v3.0.4 h1:tfq32ie2Jv2UxXFdLJdh3jXuOzWiL1fo0bu/FbuKpbc=
go.yaml.in/yaml/v3 v3.0.4/go.mod h1:DhzuOOF2ATzADvBadXxruRBLzYTpT36CKvDb3+aBEFg=
golang.org/x/crypto v0.0.0-20190308221718-c2843e01d9a2/go.mod h1:djNgcEr1/C05ACkg1iLfiJU5Ep61QUkGW8qpdssI0+w=
golang.org/x/crypto v0.0.0-20200622213623-75b288015ac9/go.mod h1:LzIPMQfyMNhhGPhUkYOs5KpL4U8rLKemX1yGLhDgUto=
golang.org/x/crypto v0.0.0-20201012173705-84dcc777aaee/go.mod h1:LzIPMQfyMNhhGPhUkYOs5KpL4U8rLKemX1yGLhDgUto=
golang.org/x/crypto v0.0.0-20210921155107-089bfa567519/go.mod h1:GvvjBRRGRdwPK5ydBHafDWAxML/pGHZbMvKqRZ5+Abc=
golang.org/x/crypto v0.13.0/go.mod h1:y6Z2r+Rw4iayiXXAIxJIDAJ1zMW4yaTpebo8fPOliYc=
golang.org/x/crypto v0.19.0/go.mod h1:Iy9bg/ha4yyC70EfRS8jz+B6ybOBKMaSxLj6P6oBDfU=
golang.org/x/crypto v0.23.0/go.mod h1:CKFgDieR+mRhux2Lsu27y0fO304Db0wZe70UKqHu0v8=
golang.org/x/crypto v0.31.0/go.mod h1:kDsLvtWBEx7MV9tJOj9bnXsPbxwJQ6csT/x4KIN4Ssk=
golang.org/x/crypto v0.51.0 h1:IBPXwPfKxY7cWQZ38ZCIRPI50YLeevDLlLnyC5wRGTI=
golang.org/x/crypto v0.51.0/go.mod h1:8AdwkbraGNABw2kOX6YFPs3WM22XqI4EXEd8g+x7Oc8=
golang.org/x/exp v0.0.0-20190121172915-509febef88a4/go.mod h1:CJ0aWSM057203Lf6IL+f9T1iT9GByDxfZKAQTCR3kQA=
golang.org/x/lint v0.0.0-20181026193005-c67002cb31c3/go.mod h1:UVdnD1Gm6xHRNCYTkRU2/jEulfH38KcIWyp/GAMgvoE=
golang.org/x/lint v0.0.0-20190227174305-5b3e6a55c961/go.mod h1:wehouNa3lNwaWXcvxsM5YxQ5yQlVC4a0KAMCusXpPoU=
golang.org/x/lint v0.0.0-20190313153728-d0100b6bd8b3/go.mod h1:6SW0HCj/g11FgYtHlgUYUwCkIfeOF89ocIRzGO/8vkc=
golang.org/x/mod v0.6.0-dev.0.20220419223038-86c51ed26bb4/go.mod h1:jJ57K6gSWd91VN4djpZkiMVwK6gcyfeH4XE8wZrZaV4=
golang.org/x/mod v0.8.0/go.mod h1:iBbtSCu2XBx23ZKBPSOrRkjjQPZFPuis4dIYUhu/chs=
golang.org/x/mod v0.12.0/go.mod h1:iBbtSCu2XBx23ZKBPSOrRkjjQPZFPuis4dIYUhu/chs=
golang.org/x/mod v0.15.0/go.mod h1:hTbmBsO62+eylJbnUtE2MGJUyE7QWk4xUqPFrRgJ+7c=
golang.org/x/mod v0.17.0/go.mod h1:hTbmBsO62+eylJbnUtE2MGJUyE7QWk4xUqPFrRgJ+7c=
golang.org/x/mod v0.35.0 h1:Ww1D637e6Pg+Zb2KrWfHQUnH2dQRLBQyAtpr/haaJeM=
golang.org/x/mod v0.35.0/go.mod h1:+GwiRhIInF8wPm+4AoT6L0FA1QWAad3OMdTRx4tFYlU=
golang.org/x/net v0.0.0-20180724234803-3673e40ba225/go.mod h1:mL1N/T3taQHkDXs73rZJwtUhF3w3ftmwwsq0BUmARs4=
golang.org/x/net v0.0.0-20180826012351-8a410e7b638d/go.mod h1:mL1N/T3taQHkDXs73rZJwtUhF3w3ftmwwsq0BUmARs4=
golang.org/x/net v0.0.0-20190213061140-3a22650c66bd/go.mod h1:mL1N/T3taQHkDXs73rZJwtUhF3w3ftmwwsq0BUmARs4=
golang.org/x/net v0.0.0-20190311183353-d8887717615a/go.mod h1:t9HGtf8HONx5eT2rtn7q6eTqICYqUVnKs3thJo3Qplg=
golang.org/x/net v0.0.0-20190404232315-eb5bcb51f2a3/go.mod h1:t9HGtf8HONx5eT2rtn7q6eTqICYqUVnKs3thJo3Qplg=
golang.org/x/net v0.0.0-20190620200207-3b0461eec859/go.mod h1:z5CRVTTTmAJ677TzLLGU+0bjPO0LkuOLi4/5GtJWs/s=
golang.org/x/net v0.0.0-20201010224723-4f7140c49acb/go.mod h1:sp8m0HH+o8qH0wwXwYZr8TS3Oi6o0r6Gce1SSxlDquU=
golang.org/x/net v0.0.0-20210226172049-e18ecbb05110/go.mod h1:m0MpNAwzfU5UDzcl9v0D8zg8gWTRqZa9RBIspLL5mdg=
golang.org/x/net v0.0.0-20220722155237-a158d28d115b/go.mod h1:XRhObCWvk6IyKnWLug+ECip1KBveYUHfp+8e9klMJ9c=
golang.org/x/net v0.6.0/go.mod h1:2Tu9+aMcznHK/AK1HMvgo6xiTLG5rD5rZLDS+rp2Bjs=
golang.org/x/net v0.10.0/go.mod h1:0qNGK6F8kojg2nk9dLZ2mShWaEBan6FAoqfSigmmuDg=
golang.org/x/net v0.15.0/go.mod h1:idbUs1IY1+zTqbi8yxTbhexhEEk5ur9LInksu6HrEpk=
golang.org/x/net v0.21.0/go.mod h1:bIjVDfnllIU7BJ2DNgfnXvpSvtn8VRwhlsaeUTyUS44=
golang.org/x/net v0.25.0/go.mod h1:JkAGAh7GEvH74S6FOH42FLoXpXbE/aqXSrIQjXgsiwM=
golang.org/x/net v0.54.0 h1:2zJIZAxAHV/OHCDTCOHAYehQzLfSXuf/5SoL/Dv6w/w=
golang.org/x/net v0.54.0/go.mod h1:Sj4oj8jK6XmHpBZU/zWHw3BV3abl4Kvi+Ut7cQcY+cQ=
golang.org/x/oauth2 v0.0.0-20180821212333-d2e6202438be/go.mod h1:N/0e6XlmueqKjAGxoOufVs8QHGRruUQn6yWY3a++T0U=
golang.org/x/oauth2 v0.28.0 h1:CrgCKl8PPAVtLnU3c+EDw6x11699EWlsDeWNWKdIOkc=
golang.org/x/oauth2 v0.28.0/go.mod h1:onh5ek6nERTohokkhCD/y2cV4Do3fxFHFuAejCkRWT8=
golang.org/x/sync v0.0.0-20180314180146-1d60e4601c6f/go.mod h1:RxMgew5VJxzue5/jJTE5uejpjVlOe/izrB70Jof72aM=
golang.org/x/sync v0.0.0-20181108010431-42b317875d0f/go.mod h1:RxMgew5VJxzue5/jJTE5uejpjVlOe/izrB70Jof72aM=
golang.org/x/sync v0.0.0-20190423024810-112230192c58/go.mod h1:RxMgew5VJxzue5/jJTE5uejpjVlOe/izrB70Jof72aM=
golang.org/x/sync v0.0.0-20220722155255-886fb9371eb4/go.mod h1:RxMgew5VJxzue5/jJTE5uejpjVlOe/izrB70Jof72aM=
golang.org/x/sync v0.1.0/go.mod h1:RxMgew5VJxzue5/jJTE5uejpjVlOe/izrB70Jof72aM=
golang.org/x/sync v0.3.0/go.mod h1:FU7BRWz2tNW+3quACPkgCx/L+uEAv1htQ0V83Z9Rj+Y=
golang.org/x/sync v0.6.0/go.mod h1:Czt+wKu1gCyEFDUtn0jG5QVvpJ6rzVqr5aXyt9drQfk=
golang.org/x/sync v0.7.0/go.mod h1:Czt+wKu1gCyEFDUtn0jG5QVvpJ6rzVqr5aXyt9drQfk=
golang.org/x/sync v0.10.0/go.mod h1:Czt+wKu1gCyEFDUtn0jG5QVvpJ6rzVqr5aXyt9drQfk=
golang.org/x/sync v0.20.0 h1:e0PTpb7pjO8GAtTs2dQ6jYa5BWYlMuX047Dco/pItO4=
golang.org/x/sync v0.20.0/go.mod h1:9xrNwdLfx4jkKbNva9FpL6vEN7evnE43NNNJQ2LF3+0=
golang.org/x/sys v0.0.0-20180830151530-49385e6e1522/go.mod h1:STP8DvDyc/dI5b8T5hshtkjS+E42TnysNCUPdjciGhY=
golang.org/x/sys v0.0.0-20190215142949-d0b11bdaac8a/go.mod h1:STP8DvDyc/dI5b8T5hshtkjS+E42TnysNCUPdjciGhY=
golang.org/x/sys v0.0.0-20190412213103-97732733099d/go.mod h1:h1NjWce9XRLGQEsW7wpKNCjG9DtNlClVuFLEZdDNbEs=
golang.org/x/sys v0.0.0-20190916202348-b4ddaad3f8a3/go.mod h1:h1NjWce9XRLGQEsW7wpKNCjG9DtNlClVuFLEZdDNbEs=
golang.org/x/sys v0.0.0-20200930185726-fdedc70b468f/go.mod h1:h1NjWce9XRLGQEsW7wpKNCjG9DtNlClVuFLEZdDNbEs=
golang.org/x/sys v0.0.0-20201119102817-f84b799fce68/go.mod h1:h1NjWce9XRLGQEsW7wpKNCjG9DtNlClVuFLEZdDNbEs=
golang.org/x/sys v0.0.0-20201204225414-ed752295db88/go.mod h1:h1NjWce9XRLGQEsW7wpKNCjG9DtNlClVuFLEZdDNbEs=
golang.org/x/sys v0.0.0-20210615035016-665e8c7367d1/go.mod h1:oPkhp1MJrh7nUepCBck5+mAzfO9JrbApNNgaTdGDITg=
golang.org/x/sys v0.0.0-20220520151302-bc2c85ada10a/go.mod h1:oPkhp1MJrh7nUepCBck5+mAzfO9JrbApNNgaTdGDITg=
golang.org/x/sys v0.0.0-20220715151400-c0bba94af5f8/go.mod h1:oPkhp1MJrh7nUepCBck5+mAzfO9JrbApNNgaTdGDITg=
golang.org/x/sys v0.0.0-20220722155257-8c9f86f7a55f/go.mod h1:oPkhp1MJrh7nUepCBck5+mAzfO9JrbApNNgaTdGDITg=
golang.org/x/sys v0.2.0/go.mod h1:oPkhp1MJrh7nUepCBck5+mAzfO9JrbApNNgaTdGDITg=
golang.org/x/sys v0.5.0/go.mod h1:oPkhp1MJrh7nUepCBck5+mAzfO9JrbApNNgaTdGDITg=
golang.org/x/sys v0.8.0/go.mod h1:oPkhp1MJrh7nUepCBck5+mAzfO9JrbApNNgaTdGDITg=
golang.org/x/sys v0.10.0/go.mod h1:oPkhp1MJrh7nUepCBck5+mAzfO9JrbApNNgaTdGDITg=
golang.org/x/sys v0.12.0/go.mod h1:oPkhp1MJrh7nUepCBck5+mAzfO9JrbApNNgaTdGDITg=
golang.org/x/sys v0.17.0/go.mod h1:/VUhepiaJMQUp4+oa/7Zr1D23ma6VTLIYjOOTFZPUcA=
golang.org/x/sys v0.20.0/go.mod h1:/VUhepiaJMQUp4+oa/7Zr1D23ma6VTLIYjOOTFZPUcA=
golang.org/x/sys v0.28.0/go.mod h1:/VUhepiaJMQUp4+oa/7Zr1D23ma6VTLIYjOOTFZPUcA=
golang.org/x/sys v0.44.0 h1:ildZl3J4uzeKP07r2F++Op7E9B29JRUy+a27EibtBTQ=
golang.org/x/sys v0.44.0/go.mod h1:4GL1E5IUh+htKOUEOaiffhrAeqysfVGipDYzABqnCmw=
golang.org/x/telemetry v0.0.0-20240228155512-f48c80bd79b2/go.mod h1:TeRTkGYfJXctD9OcfyVLyj2J3IxLnKwHJR8f4D8a3YE=
golang.org/x/term v0.0.0-20201126162022-7de9c90e9dd1/go.mod h1:bj7SfCRtBDWHUb9snDiAeCFNEtKQo2Wmx5Cou7ajbmo=
golang.org/x/term v0.0.0-20210927222741-03fcf44c2211/go.mod h1:jbD1KX2456YbFQfuXm/mYQcufACuNUgVhRMnK/tPxf8=
golang.org/x/term v0.5.0/go.mod h1:jMB1sMXY+tzblOD4FWmEbocvup2/aLOaQEp7JmGp78k=
golang.org/x/term v0.8.0/go.mod h1:xPskH00ivmX89bAKVGSKKtLOWNx2+17Eiy94tnKShWo=
golang.org/x/term v0.12.0/go.mod h1:owVbMEjm3cBLCHdkQu9b1opXd4ETQWc3BhuQGKgXgvU=
golang.org/x/term v0.17.0/go.mod h1:lLRBjIVuehSbZlaOtGMbcMncT+aqLLLmKrsjNrUguwk=
golang.org/x/term v0.20.0/go.mod h1:8UkIAJTvZgivsXaD6/pH6U9ecQzZ45awqEOzuCvwpFY=
golang.org/x/term v0.27.0/go.mod h1:iMsnZpn0cago0GOrHO2+Y7u7JPn5AylBrcoWkElMTSM=
golang.org/x/text v0.3.0/go.mod h1:NqM8EUOU14njkJ3fqMW+pc6Ldnwhi/IjpwHt7yyuwOQ=
golang.org/x/text v0.3.3/go.mod h1:5Zoc/QRtKVWzQhOtBMvqHzDpF6irO9z98xDceosuGiQ=
golang.org/x/text v0.3.7/go.mod h1:u+2+/6zg+i71rQMx5EYifcz6MCKuco9NR6JIITiCfzQ=
golang.org/x/text v0.7.0/go.mod h1:mrYo+phRRbMaCq/xk9113O4dZlRixOauAjOtrjsXDZ8=
golang.org/x/text v0.9.0/go.mod h1:e1OnstbJyHTd6l/uOt8jFFHp6TRDWZR/bV3emEE/zU8=
golang.org/x/text v0.13.0/go.mod h1:TvPlkZtksWOMsz7fbANvkp4WM8x/WCo/om8BMLbz+aE=
golang.org/x/text v0.14.0/go.mod h1:18ZOQIKpY8NJVqYksKHtTdi31H5itFRjB5/qKTNYzSU=
golang.org/x/text v0.15.0/go.mod h1:18ZOQIKpY8NJVqYksKHtTdi31H5itFRjB5/qKTNYzSU=
golang.org/x/text v0.21.0/go.mod h1:4IBbMaMmOPCJ8SecivzSH54+73PCFmPWxNTLm+vZkEQ=
golang.org/x/text v0.37.0 h1:Cqjiwd9eSg8e0QAkyCaQTNHFIIzWtidPahFWR83rTrc=
golang.org/x/text v0.37.0/go.mod h1:a5sjxXGs9hsn/AJVwuElvCAo9v8QYLzvavO5z2PiM38=
golang.org/x/time v0.14.0 h1:MRx4UaLrDotUKUdCIqzPC48t1Y9hANFKIRpNx+Te8PI=
golang.org/x/time v0.14.0/go.mod h1:eL/Oa2bBBK0TkX57Fyni+NgnyQQN4LitPmob2Hjnqw4=
golang.org/x/tools v0.0.0-20180917221912-90fa682c2a6e/go.mod h1:n7NCudcB/nEzxVGmLbDWY5pfWTLqBcC2KZ6jyYvM4mQ=
golang.org/x/tools v0.0.0-20190114222345-bf090417da8b/go.mod h1:n7NCudcB/nEzxVGmLbDWY5pfWTLqBcC2KZ6jyYvM4mQ=
golang.org/x/tools v0.0.0-20190226205152-f727befe758c/go.mod h1:9Yl7xja0Znq3iFh3HoIrodX9oNMXvdceNzlUR8zjMvY=
golang.org/x/tools v0.0.0-20190311212946-11955173bddd/go.mod h1:LCzVGOaR6xXOjkQ3onu1FJEFr0SW1gC7cKk1uF8kGRs=
golang.org/x/tools v0.0.0-20190524140312-2c0ae7006135/go.mod h1:RgjU9mgBXZiqYHBnxXauZ1Gv1EHHAz9KjViQ78xBX0Q=
golang.org/x/tools v0.0.0-20191119224855-298f0cb1881e/go.mod h1:b+2E5dAYhXwXZwtnZ6UAqBI28+e2cm9otk0dWdXHAEo=
golang.org/x/tools v0.1.12/go.mod h1:hNGJHUnrk76NpqgfD5Aqm5Crs+Hm0VOH/i9J2+nxYbc=
golang.org/x/tools v0.6.0/go.mod h1:Xwgl3UAJ/d3gWutnCtw505GrjyAbvKui8lOU390QaIU=
golang.org/x/tools v0.13.0/go.mod h1:HvlwmtVNQAhOuCjW7xxvovg8wbNq7LwfXh/k7wXUl58=
golang.org/x/tools v0.21.1-0.20240508182429-e35e4ccd0d2d/go.mod h1:aiJjzUbINMkxbQROHiO6hDPo2LHcIPhhQsa9DLh0yGk=
golang.org/x/tools v0.44.0 h1:UP4ajHPIcuMjT1GqzDWRlalUEoY+uzoZKnhOjbIPD2c=
golang.org/x/tools v0.44.0/go.mod h1:KA0AfVErSdxRZIsOVipbv3rQhVXTnlU6UhKxHd1seDI=
golang.org/x/xerrors v0.0.0-20190717185122-a985d3407aa7/go.mod h1:I/5z698sn9Ka8TeJc9MKroUUfqBBauWjQqLJ2OPfmY0=
golang.org/x/xerrors v0.0.0-20191204190536-9bdfabe68543/go.mod h1:I/5z698sn9Ka8TeJc9MKroUUfqBBauWjQqLJ2OPfmY0=
golang.zx2c4.com/wintun v0.0.0-20230126152724-0fa3db229ce2 h1:B82qJJgjvYKsXS9jeunTOisW56dUokqW/FOteYJJ/yg=
golang.zx2c4.com/wintun v0.0.0-20230126152724-0fa3db229ce2/go.mod h1:deeaetjYA+DHMHg+sMSMI58GrEteJUUzzw7en6TJQcI=
golang.zx2c4.com/wireguard v0.0.0-20231211153847-12269c276173 h1:/jFs0duh4rdb8uIfPMv78iAJGcPKDeqAFnaLBropIC4=
golang.zx2c4.com/wireguard v0.0.0-20231211153847-12269c276173/go.mod h1:tkCQ4FQXmpAgYVh++1cq16/dH4QJtmvpRv19DWGAHSA=
google.golang.org/appengine v1.1.0/go.mod h1:EbEs0AVv82hx2wNQdGPgUI5lhzA/G0D9YwlJXL52JkM=
google.golang.org/appengine v1.4.0/go.mod h1:xpcJRLb0r/rnEns0DIKYYv+WjYCduHsrkT7/EB5XEv4=
google.golang.org/genproto v0.0.0-20180817151627-c66870c02cf8/go.mod h1:JiN7NxoALGmiZfu7CAH4rXhgtRTLTxftemlI0sWmxmc=
google.golang.org/genproto v0.0.0-20190819201941-24fa4b261c55/go.mod h1:DMBHOl98Agz4BDEuKkezgsaosCRResVns1a3J2ZsMNc=
google.golang.org/grpc v1.19.0/go.mod h1:mqu4LbDTu4XGKhr4mRzUsmM4RtVoemTSY81AxZiDr8c=
google.golang.org/grpc v1.23.0/go.mod h1:Y5yQAOtifL1yxbo5wqy6BxZv8vAUGQwXBOALyacEbxg=
google.golang.org/grpc v1.25.1/go.mod h1:c3i+UQWmh7LiEpx4sFZnkU36qjEYZ0imhYfXVyQciAY=
google.golang.org/grpc v1.31.0/go.mod h1:N36X2cJ7JwdamYAgDz+s+rVMFjt3numwzf/HckM8pak=
google.golang.org/protobuf v0.0.0-20200109180630-ec00e32a8dfd/go.mod h1:DFci5gLYBciE7Vtevhsrf46CRTquxDuWsQurQQe4oz8=
google.golang.org/protobuf v0.0.0-20200221191635-4d8936d0db64/go.mod h1:kwYJMbMJ01Woi6D6+Kah6886xMZcty6N08ah7+eCXa0=
google.golang.org/protobuf v0.0.0-20200228230310-ab0ca4ff8a60/go.mod h1:cfTl7dwQJ+fmap5saPgwCLgHXTUD7jkjRqWcaiX5VyM=
google.golang.org/protobuf v1.20.1-0.20200309200217-e05f789c0967/go.mod h1:A+miEFZTKqfCUM6K7xSMQL9OKL/b6hQv+e19PK+JZNE=
google.golang.org/protobuf v1.21.0/go.mod h1:47Nbq4nVaFHyn7ilMalzfO3qCViNmqZ2kzikPIcrTAo=
google.golang.org/protobuf v1.23.0/go.mod h1:EGpADcykh3NcUnDUJcl1+ZksZNG86OlYog2l/sGQquU=
gopkg.in/check.v1 v0.0.0-20161208181325-20d25e280405/go.mod h1:Co6ibVJAznAaIkqp8huTwlJQCZ016jof/cbN4VW5Yz0=
gopkg.in/check.v1 v1.0.0-20201130134442-10cb98267c6c h1:Hei/4ADfdWqJk1ZMxUNpqntNwaWcugrBjAiHlqqRiVk=
gopkg.in/check.v1 v1.0.0-20201130134442-10cb98267c6c/go.mod h1:JHkPIbrfpd72SG/EVd6muEfDQjcINNoR0C8j2r3qZ4Q=
gopkg.in/ini.v1 v1.67.0 h1:Dgnx+6+nfE+IfzjUEISNeydPJh9AXNNsWbGP9KzCsOA=
gopkg.in/ini.v1 v1.67.0/go.mod h1:pNLf8WUiyNEtQjuu5G5vTm06TEv9tsIgeAvK8hOrP4k=
gopkg.in/natefinch/lumberjack.v2 v2.2.1 h1:bBRl1b0OH9s/DuPhuXpNl+VtCaJXFZ5/uEFST95x9zc=
gopkg.in/natefinch/lumberjack.v2 v2.2.1/go.mod h1:YD8tP3GAjkrDg1eZH7EGmyESg/lsYskCTPBJVb9jqSc=
gopkg.in/yaml.v2 v2.4.0 h1:D8xgwECY7CYvx+Y2n4sBz93Jn9JRvxdiyyo8CTfuKaY=
gopkg.in/yaml.v2 v2.4.0/go.mod h1:RDklbk79AGWmwhnvt/jBztapEOGDOx6ZbXqjP6csGnQ=
gopkg.in/yaml.v3 v3.0.0-20200313102051-9f266ea9e77c/go.mod h1:K4uyk7z7BCEPqu6E+C64Yfv1cQ7kz7rIZviUmN+EgEM=
gopkg.in/yaml.v3 v3.0.1 h1:fxVm/GzAzEWqLHuvctI91KS9hhNmmWOoWu0XTYJS7CA=
gopkg.in/yaml.v3 v3.0.1/go.mod h1:K4uyk7z7BCEPqu6E+C64Yfv1cQ7kz7rIZviUmN+EgEM=
gvisor.dev/gvisor v0.0.0-20230927004350-cbd86285d259 h1:TbRPT0HtzFP3Cno1zZo7yPzEEnfu8EjLfl6IU9VfqkQ=
gvisor.dev/gvisor v0.0.0-20230927004350-cbd86285d259/go.mod h1:AVgIgHMwK63XvmAzWG9vLQ41YnVHN0du0tEC46fI7yY=
honnef.co/go/tools v0.0.0-20190102054323-c2f93a96b099/go.mod h1:rf3lG4BRIbNafJWhAfAdb/ePZxsR/4RtNHQocxwk9r4=
honnef.co/go/tools v0.0.0-20190523083050-ea95bdfd59fc/go.mod h1:rf3lG4BRIbNafJWhAfAdb/ePZxsR/4RtNHQocxwk9r4=
k8s.io/apimachinery v0.28.8 h1:hi/nrxHwk4QLV+W/SHve1bypTE59HCDorLY1stBIxKQ=
k8s.io/apimachinery v0.28.8/go.mod h1:cBnwIM3fXoRo28SqbV/Ihxf/iviw85KyXOrzxvZQ83U=
k8s.io/utils v0.0.0-20230406110748-d93618cff8a2 h1:qY1Ad8PODbnymg2pRbkyMT/ylpTrCM8P2RJ0yroCyIk=
k8s.io/utils v0.0.0-20230406110748-d93618cff8a2/go.mod h1:OLgZIPagt7ERELqWJFomSt595RzquPNLL48iOWgYOg0=
sigs.k8s.io/json v0.0.0-20221116044647-bc3834ca7abd h1:EDPBXCAspyGV4jQlpZSudPeMmr1bNJefnuqLsRAsHZo=
sigs.k8s.io/json v0.0.0-20221116044647-bc3834ca7abd/go.mod h1:B8JuhiUyNFVKdsE8h686QcCxMaH6HrOAZj4vswFpcB0=
sigs.k8s.io/yaml v1.3.0 h1:a2VclLzOGrwOHDiV8EfBGhvjHvP46CtW5j6POvhYGGo=
sigs.k8s.io/yaml v1.3.0/go.mod h1:GeOyir5tyXNByN85N/dRIT9es5UQNerPYEKK56eTBm8=
